// !$*UTF8*$!
{
	archiveVersion = 1;
	classes = {
	};
	objectVersion = 55;
	objects = {

/* Begin PBXBuildFile section */
		ED3D242B2832B6BC007235E8 /* URLRequest+Extensions.swift in Sources */ = {isa = PBXBuildFile; fileRef = ED3D242A2832B6BC007235E8 /* URLRequest+Extensions.swift */; };
		ED3D242D2832B76F007235E8 /* NetworkManager.swift in Sources */ = {isa = PBXBuildFile; fileRef = ED3D242C2832B76F007235E8 /* NetworkManager.swift */; };
		ED3D242F2832B86A007235E8 /* NetworkError.swift in Sources */ = {isa = PBXBuildFile; fileRef = ED3D242E2832B86A007235E8 /* NetworkError.swift */; };
		ED3D24312832BB52007235E8 /* URL+Extensions.swift in Sources */ = {isa = PBXBuildFile; fileRef = ED3D24302832BB52007235E8 /* URL+Extensions.swift */; };
		EDC76A7F282BF60700879101 /* AppDelegate.swift in Sources */ = {isa = PBXBuildFile; fileRef = EDC76A7E282BF60700879101 /* AppDelegate.swift */; };
		EDC76A83282BF60700879101 /* WeatherViewController.swift in Sources */ = {isa = PBXBuildFile; fileRef = EDC76A82282BF60700879101 /* WeatherViewController.swift */; };
		EDC76A88282BF60A00879101 /* Assets.xcassets in Resources */ = {isa = PBXBuildFile; fileRef = EDC76A87282BF60A00879101 /* Assets.xcassets */; };
		EDC76A8B282BF60A00879101 /* LaunchScreen.storyboard in Resources */ = {isa = PBXBuildFile; fileRef = EDC76A89282BF60A00879101 /* LaunchScreen.storyboard */; };
		EDC76A94282BF7DE00879101 /* SnapKit in Frameworks */ = {isa = PBXBuildFile; productRef = EDC76A93282BF7DE00879101 /* SnapKit */; };
		EDC76A97282BF87700879101 /* RxCocoa in Frameworks */ = {isa = PBXBuildFile; productRef = EDC76A96282BF87700879101 /* RxCocoa */; };
		EDC76A99282BF87700879101 /* RxRelay in Frameworks */ = {isa = PBXBuildFile; productRef = EDC76A98282BF87700879101 /* RxRelay */; };
		EDC76A9B282BF87700879101 /* RxSwift in Frameworks */ = {isa = PBXBuildFile; productRef = EDC76A9A282BF87700879101 /* RxSwift */; };
		EDC76A9D282C01B700879101 /* Weather.swift in Sources */ = {isa = PBXBuildFile; fileRef = EDC76A9C282C01B700879101 /* Weather.swift */; };
/* End PBXBuildFile section */

/* Begin PBXFileReference section */
		ED3D242A2832B6BC007235E8 /* URLRequest+Extensions.swift */ = {isa = PBXFileReference; lastKnownFileType = sourcecode.swift; path = "URLRequest+Extensions.swift"; sourceTree = "<group>"; };
		ED3D242C2832B76F007235E8 /* NetworkManager.swift */ = {isa = PBXFileReference; lastKnownFileType = sourcecode.swift; path = NetworkManager.swift; sourceTree = "<group>"; };
		ED3D242E2832B86A007235E8 /* NetworkError.swift */ = {isa = PBXFileReference; lastKnownFileType = sourcecode.swift; path = NetworkError.swift; sourceTree = "<group>"; };
		ED3D24302832BB52007235E8 /* URL+Extensions.swift */ = {isa = PBXFileReference; lastKnownFileType = sourcecode.swift; path = "URL+Extensions.swift"; sourceTree = "<group>"; };
		EDC76A7B282BF60700879101 /* ReactiveWeatherApp.app */ = {isa = PBXFileReference; explicitFileType = wrapper.application; includeInIndex = 0; path = ReactiveWeatherApp.app; sourceTree = BUILT_PRODUCTS_DIR; };
		EDC76A7E282BF60700879101 /* AppDelegate.swift */ = {isa = PBXFileReference; lastKnownFileType = sourcecode.swift; path = AppDelegate.swift; sourceTree = "<group>"; };
		EDC76A82282BF60700879101 /* WeatherViewController.swift */ = {isa = PBXFileReference; lastKnownFileType = sourcecode.swift; path = WeatherViewController.swift; sourceTree = "<group>"; };
		EDC76A87282BF60A00879101 /* Assets.xcassets */ = {isa = PBXFileReference; lastKnownFileType = folder.assetcatalog; path = Assets.xcassets; sourceTree = "<group>"; };
		EDC76A8A282BF60A00879101 /* Base */ = {isa = PBXFileReference; lastKnownFileType = file.storyboard; name = Base; path = Base.lproj/LaunchScreen.storyboard; sourceTree = "<group>"; };
		EDC76A8C282BF60A00879101 /* Info.plist */ = {isa = PBXFileReference; lastKnownFileType = text.plist.xml; path = Info.plist; sourceTree = "<group>"; };
		EDC76A9C282C01B700879101 /* Weather.swift */ = {isa = PBXFileReference; lastKnownFileType = sourcecode.swift; path = Weather.swift; sourceTree = "<group>"; };
/* End PBXFileReference section */

/* Begin PBXFrameworksBuildPhase section */
		EDC76A78282BF60700879101 /* Frameworks */ = {
			isa = PBXFrameworksBuildPhase;
			buildActionMask = 2147483647;
			files = (
				EDC76A99282BF87700879101 /* RxRelay in Frameworks */,
				EDC76A97282BF87700879101 /* RxCocoa in Frameworks */,
				EDC76A9B282BF87700879101 /* RxSwift in Frameworks */,
				EDC76A94282BF7DE00879101 /* SnapKit in Frameworks */,
			);
			runOnlyForDeploymentPostprocessing = 0;
		};
/* End PBXFrameworksBuildPhase section */

/* Begin PBXGroup section */
		ED3D24292832B602007235E8 /* NetworkManager */ = {
			isa = PBXGroup;
			children = (
				ED3D242A2832B6BC007235E8 /* URLRequest+Extensions.swift */,
				ED3D242C2832B76F007235E8 /* NetworkManager.swift */,
				ED3D242E2832B86A007235E8 /* NetworkError.swift */,
				ED3D24302832BB52007235E8 /* URL+Extensions.swift */,
			);
			path = NetworkManager;
			sourceTree = "<group>";
		};
		EDC1BE21282C1E9D00E14850 /* Model */ = {
			isa = PBXGroup;
			children = (
				EDC76A9C282C01B700879101 /* Weather.swift */,
			);
			path = Model;
			sourceTree = "<group>";
		};
		EDC1BE22282C1EA200E14850 /* View */ = {
			isa = PBXGroup;
			children = (
				EDC76A82282BF60700879101 /* WeatherViewController.swift */,
			);
			path = View;
			sourceTree = "<group>";
		};
		EDC1BE23282C1EAC00E14850 /* ViewModel */ = {
			isa = PBXGroup;
			children = (
			);
			path = ViewModel;
			sourceTree = "<group>";
		};
		EDC76A72282BF60700879101 = {
			isa = PBXGroup;
			children = (
				EDC76A7D282BF60700879101 /* ReactiveWeatherApp */,
				EDC76A7C282BF60700879101 /* Products */,
			);
			sourceTree = "<group>";
		};
		EDC76A7C282BF60700879101 /* Products */ = {
			isa = PBXGroup;
			children = (
				EDC76A7B282BF60700879101 /* ReactiveWeatherApp.app */,
			);
			name = Products;
			sourceTree = "<group>";
		};
		EDC76A7D282BF60700879101 /* ReactiveWeatherApp */ = {
			isa = PBXGroup;
			children = (
				EDC76A7E282BF60700879101 /* AppDelegate.swift */,
				EDC1BE23282C1EAC00E14850 /* ViewModel */,
				EDC1BE22282C1EA200E14850 /* View */,
				EDC1BE21282C1E9D00E14850 /* Model */,
				EDC76A87282BF60A00879101 /* Assets.xcassets */,
				ED3D24292832B602007235E8 /* NetworkManager */,
				EDC76A89282BF60A00879101 /* LaunchScreen.storyboard */,
				EDC76A8C282BF60A00879101 /* Info.plist */,
			);
			path = ReactiveWeatherApp;
			sourceTree = "<group>";
		};
/* End PBXGroup section */

/* Begin PBXNativeTarget section */
		EDC76A7A282BF60700879101 /* ReactiveWeatherApp */ = {
			isa = PBXNativeTarget;
			buildConfigurationList = EDC76A8F282BF60A00879101 /* Build configuration list for PBXNativeTarget "ReactiveWeatherApp" */;
			buildPhases = (
				EDC76A77282BF60700879101 /* Sources */,
				EDC76A78282BF60700879101 /* Frameworks */,
				EDC76A79282BF60700879101 /* Resources */,
			);
			buildRules = (
			);
			dependencies = (
			);
			name = ReactiveWeatherApp;
			packageProductDependencies = (
				EDC76A93282BF7DE00879101 /* SnapKit */,
				EDC76A96282BF87700879101 /* RxCocoa */,
				EDC76A98282BF87700879101 /* RxRelay */,
				EDC76A9A282BF87700879101 /* RxSwift */,
			);
			productName = ReactiveWeatherApp;
			productReference = EDC76A7B282BF60700879101 /* ReactiveWeatherApp.app */;
			productType = "com.apple.product-type.application";
		};
/* End PBXNativeTarget section */

/* Begin PBXProject section */
		EDC76A73282BF60700879101 /* Project object */ = {
			isa = PBXProject;
			attributes = {
				BuildIndependentTargetsInParallel = 1;
				LastSwiftUpdateCheck = 1300;
				LastUpgradeCheck = 1300;
				TargetAttributes = {
					EDC76A7A282BF60700879101 = {
						CreatedOnToolsVersion = 13.0;
					};
				};
			};
			buildConfigurationList = EDC76A76282BF60700879101 /* Build configuration list for PBXProject "ReactiveWeatherApp" */;
			compatibilityVersion = "Xcode 13.0";
			developmentRegion = en;
			hasScannedForEncodings = 0;
			knownRegions = (
				en,
				Base,
			);
			mainGroup = EDC76A72282BF60700879101;
			packageReferences = (
				EDC76A92282BF7DE00879101 /* XCRemoteSwiftPackageReference "SnapKit" */,
				EDC76A95282BF87700879101 /* XCRemoteSwiftPackageReference "RxSwift" */,
			);
			productRefGroup = EDC76A7C282BF60700879101 /* Products */;
			projectDirPath = "";
			projectRoot = "";
			targets = (
				EDC76A7A282BF60700879101 /* ReactiveWeatherApp */,
			);
		};
/* End PBXProject section */

/* Begin PBXResourcesBuildPhase section */
		EDC76A79282BF60700879101 /* Resources */ = {
			isa = PBXResourcesBuildPhase;
			buildActionMask = 2147483647;
			files = (
				EDC76A8B282BF60A00879101 /* LaunchScreen.storyboard in Resources */,
				EDC76A88282BF60A00879101 /* Assets.xcassets in Resources */,
			);
			runOnlyForDeploymentPostprocessing = 0;
		};
/* End PBXResourcesBuildPhase section */

/* Begin PBXSourcesBuildPhase section */
		EDC76A77282BF60700879101 /* Sources */ = {
			isa = PBXSourcesBuildPhase;
			buildActionMask = 2147483647;
			files = (
				EDC76A83282BF60700879101 /* WeatherViewController.swift in Sources */,
				EDC76A9D282C01B700879101 /* Weather.swift in Sources */,
				ED3D24312832BB52007235E8 /* URL+Extensions.swift in Sources */,
				ED3D242D2832B76F007235E8 /* NetworkManager.swift in Sources */,
				ED3D242F2832B86A007235E8 /* NetworkError.swift in Sources */,
				EDC76A7F282BF60700879101 /* AppDelegate.swift in Sources */,
				ED3D242B2832B6BC007235E8 /* URLRequest+Extensions.swift in Sources */,
			);
			runOnlyForDeploymentPostprocessing = 0;
		};
/* End PBXSourcesBuildPhase section */

/* Begin PBXVariantGroup section */
		EDC76A89282BF60A00879101 /* LaunchScreen.storyboard */ = {
			isa = PBXVariantGroup;
			children = (
				EDC76A8A282BF60A00879101 /* Base */,
			);
			name = LaunchScreen.storyboard;
			sourceTree = "<group>";
		};
/* End PBXVariantGroup section */

/* Begin XCBuildConfiguration section */
		EDC76A8D282BF60A00879101 /* Debug */ = {
			isa = XCBuildConfiguration;
			buildSettings = {
				ALWAYS_SEARCH_USER_PATHS = NO;
				CLANG_ANALYZER_NONNULL = YES;
				CLANG_ANALYZER_NUMBER_OBJECT_CONVERSION = YES_AGGRESSIVE;
				CLANG_CXX_LANGUAGE_STANDARD = "gnu++17";
				CLANG_CXX_LIBRARY = "libc++";
				CLANG_ENABLE_MODULES = YES;
				CLANG_ENABLE_OBJC_ARC = YES;
				CLANG_ENABLE_OBJC_WEAK = YES;
				CLANG_WARN_BLOCK_CAPTURE_AUTORELEASING = YES;
				CLANG_WARN_BOOL_CONVERSION = YES;
				CLANG_WARN_COMMA = YES;
				CLANG_WARN_CONSTANT_CONVERSION = YES;
				CLANG_WARN_DEPRECATED_OBJC_IMPLEMENTATIONS = YES;
				CLANG_WARN_DIRECT_OBJC_ISA_USAGE = YES_ERROR;
				CLANG_WARN_DOCUMENTATION_COMMENTS = YES;
				CLANG_WARN_EMPTY_BODY = YES;
				CLANG_WARN_ENUM_CONVERSION = YES;
				CLANG_WARN_INFINITE_RECURSION = YES;
				CLANG_WARN_INT_CONVERSION = YES;
				CLANG_WARN_NON_LITERAL_NULL_CONVERSION = YES;
				CLANG_WARN_OBJC_IMPLICIT_RETAIN_SELF = YES;
				CLANG_WARN_OBJC_LITERAL_CONVERSION = YES;
				CLANG_WARN_OBJC_ROOT_CLASS = YES_ERROR;
				CLANG_WARN_QUOTED_INCLUDE_IN_FRAMEWORK_HEADER = YES;
				CLANG_WARN_RANGE_LOOP_ANALYSIS = YES;
				CLANG_WARN_STRICT_PROTOTYPES = YES;
				CLANG_WARN_SUSPICIOUS_MOVE = YES;
				CLANG_WARN_UNGUARDED_AVAILABILITY = YES_AGGRESSIVE;
				CLANG_WARN_UNREACHABLE_CODE = YES;
				CLANG_WARN__DUPLICATE_METHOD_MATCH = YES;
				COPY_PHASE_STRIP = NO;
				DEBUG_INFORMATION_FORMAT = dwarf;
				ENABLE_STRICT_OBJC_MSGSEND = YES;
				ENABLE_TESTABILITY = YES;
				GCC_C_LANGUAGE_STANDARD = gnu11;
				GCC_DYNAMIC_NO_PIC = NO;
				GCC_NO_COMMON_BLOCKS = YES;
				GCC_OPTIMIZATION_LEVEL = 0;
				GCC_PREPROCESSOR_DEFINITIONS = (
					"DEBUG=1",
					"$(inherited)",
				);
				GCC_WARN_64_TO_32_BIT_CONVERSION = YES;
				GCC_WARN_ABOUT_RETURN_TYPE = YES_ERROR;
				GCC_WARN_UNDECLARED_SELECTOR = YES;
				GCC_WARN_UNINITIALIZED_AUTOS = YES_AGGRESSIVE;
				GCC_WARN_UNUSED_FUNCTION = YES;
				GCC_WARN_UNUSED_VARIABLE = YES;
				IPHONEOS_DEPLOYMENT_TARGET = 15.0;
				MTL_ENABLE_DEBUG_INFO = INCLUDE_SOURCE;
				MTL_FAST_MATH = YES;
				ONLY_ACTIVE_ARCH = YES;
				SDKROOT = iphoneos;
				SWIFT_ACTIVE_COMPILATION_CONDITIONS = DEBUG;
				SWIFT_OPTIMIZATION_LEVEL = "-Onone";
			};
			name = Debug;
		};
		EDC76A8E282BF60A00879101 /* Release */ = {
			isa = XCBuildConfiguration;
			buildSettings = {
				ALWAYS_SEARCH_USER_PATHS = NO;
				CLANG_ANALYZER_NONNULL = YES;
				CLANG_ANALYZER_NUMBER_OBJECT_CONVERSION = YES_AGGRESSIVE;
				CLANG_CXX_LANGUAGE_STANDARD = "gnu++17";
				CLANG_CXX_LIBRARY = "libc++";
				CLANG_ENABLE_MODULES = YES;
				CLANG_ENABLE_OBJC_ARC = YES;
				CLANG_ENABLE_OBJC_WEAK = YES;
				CLANG_WARN_BLOCK_CAPTURE_AUTORELEASING = YES;
				CLANG_WARN_BOOL_CONVERSION = YES;
				CLANG_WARN_COMMA = YES;
				CLANG_WARN_CONSTANT_CONVERSION = YES;
				CLANG_WARN_DEPRECATED_OBJC_IMPLEMENTATIONS = YES;
				CLANG_WARN_DIRECT_OBJC_ISA_USAGE = YES_ERROR;
				CLANG_WARN_DOCUMENTATION_COMMENTS = YES;
				CLANG_WARN_EMPTY_BODY = YES;
				CLANG_WARN_ENUM_CONVERSION = YES;
				CLANG_WARN_INFINITE_RECURSION = YES;
				CLANG_WARN_INT_CONVERSION = YES;
				CLANG_WARN_NON_LITERAL_NULL_CONVERSION = YES;
				CLANG_WARN_OBJC_IMPLICIT_RETAIN_SELF = YES;
				CLANG_WARN_OBJC_LITERAL_CONVERSION = YES;
				CLANG_WARN_OBJC_ROOT_CLASS = YES_ERROR;
				CLANG_WARN_QUOTED_INCLUDE_IN_FRAMEWORK_HEADER = YES;
				CLANG_WARN_RANGE_LOOP_ANALYSIS = YES;
				CLANG_WARN_STRICT_PROTOTYPES = YES;
				CLANG_WARN_SUSPICIOUS_MOVE = YES;
				CLANG_WARN_UNGUARDED_AVAILABILITY = YES_AGGRESSIVE;
				CLANG_WARN_UNREACHABLE_CODE = YES;
				CLANG_WARN__DUPLICATE_METHOD_MATCH = YES;
				COPY_PHASE_STRIP = NO;
				DEBUG_INFORMATION_FORMAT = "dwarf-with-dsym";
				ENABLE_NS_ASSERTIONS = NO;
				ENABLE_STRICT_OBJC_MSGSEND = YES;
				GCC_C_LANGUAGE_STANDARD = gnu11;
				GCC_NO_COMMON_BLOCKS = YES;
				GCC_WARN_64_TO_32_BIT_CONVERSION = YES;
				GCC_WARN_ABOUT_RETURN_TYPE = YES_ERROR;
				GCC_WARN_UNDECLARED_SELECTOR = YES;
				GCC_WARN_UNINITIALIZED_AUTOS = YES_AGGRESSIVE;
				GCC_WARN_UNUSED_FUNCTION = YES;
				GCC_WARN_UNUSED_VARIABLE = YES;
				IPHONEOS_DEPLOYMENT_TARGET = 15.0;
				MTL_ENABLE_DEBUG_INFO = NO;
				MTL_FAST_MATH = YES;
				SDKROOT = iphoneos;
				SWIFT_COMPILATION_MODE = wholemodule;
				SWIFT_OPTIMIZATION_LEVEL = "-O";
				VALIDATE_PRODUCT = YES;
			};
			name = Release;
		};
		EDC76A90282BF60A00879101 /* Debug */ = {
			isa = XCBuildConfiguration;
			buildSettings = {
				ASSETCATALOG_COMPILER_APPICON_NAME = AppIcon;
				ASSETCATALOG_COMPILER_GLOBAL_ACCENT_COLOR_NAME = AccentColor;
				CODE_SIGN_STYLE = Automatic;
				CURRENT_PROJECT_VERSION = 1;
				DEVELOPMENT_TEAM = 9M9PJS2A67;
				GENERATE_INFOPLIST_FILE = YES;
				INFOPLIST_FILE = ReactiveWeatherApp/Info.plist;
				INFOPLIST_KEY_UIApplicationSupportsIndirectInputEvents = YES;
				INFOPLIST_KEY_UILaunchStoryboardName = LaunchScreen;
				INFOPLIST_KEY_UISupportedInterfaceOrientations_iPad = "UIInterfaceOrientationPortrait UIInterfaceOrientationPortraitUpsideDown UIInterfaceOrientationLandscapeLeft UIInterfaceOrientationLandscapeRight";
				INFOPLIST_KEY_UISupportedInterfaceOrientations_iPhone = "UIInterfaceOrientationPortrait UIInterfaceOrientationLandscapeLeft UIInterfaceOrientationLandscapeRight";
				LD_RUNPATH_SEARCH_PATHS = (
					"$(inherited)",
					"@executable_path/Frameworks",
				);
				MARKETING_VERSION = 1.0;
				PRODUCT_BUNDLE_IDENTIFIER = dev.lmuse.ReactiveWeatherApp;
				PRODUCT_NAME = "$(TARGET_NAME)";
				SWIFT_EMIT_LOC_STRINGS = YES;
				SWIFT_VERSION = 5.0;
				TARGETED_DEVICE_FAMILY = "1,2";
			};
			name = Debug;
		};
		EDC76A91282BF60A00879101 /* Release */ = {
			isa = XCBuildConfiguration;
			buildSettings = {
				ASSETCATALOG_COMPILER_APPICON_NAME = AppIcon;
				ASSETCATALOG_COMPILER_GLOBAL_ACCENT_COLOR_NAME = AccentColor;
				CODE_SIGN_STYLE = Automatic;
				CURRENT_PROJECT_VERSION = 1;
				DEVELOPMENT_TEAM = 9M9PJS2A67;
				GENERATE_INFOPLIST_FILE = YES;
				INFOPLIST_FILE = ReactiveWeatherApp/Info.plist;
				INFOPLIST_KEY_UIApplicationSupportsIndirectInputEvents = YES;
				INFOPLIST_KEY_UILaunchStoryboardName = LaunchScreen;
				INFOPLIST_KEY_UISupportedInterfaceOrientations_iPad = "UIInterfaceOrientationPortrait UIInterfaceOrientationPortraitUpsideDown UIInterfaceOrientationLandscapeLeft UIInterfaceOrientationLandscapeRight";
				INFOPLIST_KEY_UISupportedInterfaceOrientations_iPhone = "UIInterfaceOrientationPortrait UIInterfaceOrientationLandscapeLeft UIInterfaceOrientationLandscapeRight";
				LD_RUNPATH_SEARCH_PATHS = (
					"$(inherited)",
					"@executable_path/Frameworks",
				);
				MARKETING_VERSION = 1.0;
				PRODUCT_BUNDLE_IDENTIFIER = dev.lmuse.ReactiveWeatherApp;
				PRODUCT_NAME = "$(TARGET_NAME)";
				SWIFT_EMIT_LOC_STRINGS = YES;
				SWIFT_VERSION = 5.0;
				TARGETED_DEVICE_FAMILY = "1,2";
			};
			name = Release;
		};
/* End XCBuildConfiguration section */

/* Begin XCConfigurationList section */
		EDC76A76282BF60700879101 /* Build configuration list for PBXProject "ReactiveWeatherApp" */ = {
			isa = XCConfigurationList;
			buildConfigurations = (
				EDC76A8D282BF60A00879101 /* Debug */,
				EDC76A8E282BF60A00879101 /* Release */,
			);
			defaultConfigurationIsVisible = 0;
			defaultConfigurationName = Release;
		};
		EDC76A8F282BF60A00879101 /* Build configuration list for PBXNativeTarget "ReactiveWeatherApp" */ = {
			isa = XCConfigurationList;
			buildConfigurations = (
				EDC76A90282BF60A00879101 /* Debug */,
				EDC76A91282BF60A00879101 /* Release */,
			);
			defaultConfigurationIsVisible = 0;
			defaultConfigurationName = Release;
		};
/* End XCConfigurationList section */

/* Begin XCRemoteSwiftPackageReference section */
		EDC76A92282BF7DE00879101 /* XCRemoteSwiftPackageReference "SnapKit" */ = {
			isa = XCRemoteSwiftPackageReference;
			repositoryURL = "https://github.com/SnapKit/SnapKit";
			requirement = {
				branch = develop;
				kind = branch;
			};
		};
		EDC76A95282BF87700879101 /* XCRemoteSwiftPackageReference "RxSwift" */ = {
			isa = XCRemoteSwiftPackageReference;
			repositoryURL = "https://github.com/ReactiveX/RxSwift.git";
			requirement = {
				branch = main;
				kind = branch;
			};
		};
/* End XCRemoteSwiftPackageReference section */

/* Begin XCSwiftPackageProductDependency section */
		EDC76A93282BF7DE00879101 /* SnapKit */ = {
			isa = XCSwiftPackageProductDependency;
			package = EDC76A92282BF7DE00879101 /* XCRemoteSwiftPackageReference "SnapKit" */;
			productName = SnapKit;
		};
		EDC76A96282BF87700879101 /* RxCocoa */ = {
			isa = XCSwiftPackageProductDependency;
			package = EDC76A95282BF87700879101 /* XCRemoteSwiftPackageReference "RxSwift" */;
			productName = RxCocoa;
		};
		EDC76A98282BF87700879101 /* RxRelay */ = {
			isa = XCSwiftPackageProductDependency;
			package = EDC76A95282BF87700879101 /* XCRemoteSwiftPackageReference "RxSwift" */;
			productName = RxRelay;
		};
		EDC76A9A282BF87700879101 /* RxSwift */ = {
			isa = XCSwiftPackageProductDependency;
			package = EDC76A95282BF87700879101 /* XCRemoteSwiftPackageReference "RxSwift" */;
			productName = RxSwift;
		};
/* End XCSwiftPackageProductDependency section */
	};
	rootObject = EDC76A73282BF60700879101 /* Project object */;
}
